
Microsoft Visual Studio Solution File, Format Version 12.00
# Visual Studio Version 16
VisualStudioVersion = 16.0.28714.193
MinimumVisualStudioVersion = 10.0.40219.1
Project("{2150E333-8FDC-42A3-9474-1A3956D46DE8}") = "1.Librerias", "1.Librerias", "{CEC99FBE-22CB-447B-8624-6EDCCA488312}"
EndProject
Project("{2150E333-8FDC-42A3-9474-1A3956D46DE8}") = "2.Plantillas", "2.Plantillas", "{B6A52116-3F54-46E6-B0F1-AD5F53110409}"
EndProject
Project("{FAE04EC0-301F-11D3-BF4B-00C04F79EFBC}") = "Tim.Kanji.IT.Servicio", "Tim.Kanji.IT.Servicio\Tim.Kanji.IT.Servicio.csproj", "{6FC7730C-9039-4AD4-BD32-A54C5105248C}"
EndProject
Project("{2150E333-8FDC-42A3-9474-1A3956D46DE8}") = "ItemTemplates", "ItemTemplates", "{CADBAD15-A7E9-4DEF-8969-4D0F2BAFBDD0}"
EndProject
Project("{FAE04EC0-301F-11D3-BF4B-00C04F79EFBC}") = "Tim.Kanji.IT.TIMException", "Tim.Kanji.IT.TIMException\Tim.Kanji.IT.TIMException.csproj", "{60EB7716-C413-4FCB-B132-630FDDD409E2}"
EndProject
Project("{FAE04EC0-301F-11D3-BF4B-00C04F79EFBC}") = "Tim.Kanji.IT.Plugin", "Tim.Kanji.IT.Plugin\Tim.Kanji.IT.Plugin.csproj", "{E179B9DF-7FA2-44CC-9F96-F5CBB0AE15BE}"
EndProject
Project("{FAE04EC0-301F-11D3-BF4B-00C04F79EFBC}") = "Tim.Kanji.IT.Entidad", "Tim.Kanji.IT.Entidad\Tim.Kanji.IT.Entidad.csproj", "{0E83E73C-5BD3-44D6-9411-CEF127DF5C3B}"
EndProject
Project("{FAE04EC0-301F-11D3-BF4B-00C04F79EFBC}") = "Tim.Kanji.IT.Contexto.Ensamblado", "Tim.Kanji.IT.Contexto.Ensamblado\Tim.Kanji.IT.Contexto.Ensamblado.csproj", "{D11A9A42-E98E-4567-B7D7-FB7CF39EE8B8}"
EndProject
Project("{FAE04EC0-301F-11D3-BF4B-00C04F79EFBC}") = "Tim.Kanji.IT.Contexto", "Tim.Kanji.IT.Contexto\Tim.Kanji.IT.Contexto.csproj", "{3D5E8B48-2A0F-422B-A808-B75AE3F8F45C}"
EndProject
Project("{2150E333-8FDC-42A3-9474-1A3956D46DE8}") = "Shared", "Shared", "{B88451C3-9E98-4962-BCF6-8C040C193975}"
EndProject
Project("{D954291E-2A0B-460D-934E-DC6B0785DB48}") = "Tim.Crm.ProveedorServicio.Shared", "Tim.Crm.ProveedorServicio.Shared\Tim.Crm.ProveedorServicio.Shared.shproj", "{375C7A44-8C79-4FBB-A77B-F34648C43D67}"
EndProject
Project("{D954291E-2A0B-460D-934E-DC6B0785DB48}") = "Tim.Crm.Base.Entidades.Shared", "Tim.Crm.Base.Entidades.Shared\Tim.Crm.Base.Entidades.Shared.shproj", "{279B6A7D-1791-4920-9BB8-719BEB228A1E}"
EndProject
Project("{D954291E-2A0B-460D-934E-DC6B0785DB48}") = "Tim.Crm.Base.Logica.Shared", "Tim.Crm.Base.Logica.Shared\Tim.Crm.Base.Logica.Shared.shproj", "{FDB6D8D1-2EBF-415B-84F4-CBF28EF34C0F}"
EndProject
Project("{FAE04EC0-301F-11D3-BF4B-00C04F79EFBC}") = "Tim.Crm.Base.Entidades", "Tim.Crm.Base.Entidades\Tim.Crm.Base.Entidades.csproj", "{833F92E4-BA4F-46BE-B707-D176E5D1FC76}"
EndProject
Project("{FAE04EC0-301F-11D3-BF4B-00C04F79EFBC}") = "Tim.Crm.Base.Logica", "Tim.Crm.Base.Logica\Tim.Crm.Base.Logica.csproj", "{32519A8D-9B7F-41EF-B226-FF33120580B6}"
EndProject
Project("{FAE04EC0-301F-11D3-BF4B-00C04F79EFBC}") = "Tim.Crm.ProveedorServicio", "Tim.Crm.ProveedorServicio\Tim.Crm.ProveedorServicio.csproj", "{805F66F4-F0B7-409B-9856-8747BAECC4E7}"
EndProject
Project("{FAE04EC0-301F-11D3-BF4B-00C04F79EFBC}") = "Tim.Crm.AdministradorErrores", "Tim.Crm.AdministradorErrores\Tim.Crm.AdministradorErrores.csproj", "{137B64A4-565E-4F5A-8782-692FB292B03F}"
EndProject
Project("{2150E333-8FDC-42A3-9474-1A3956D46DE8}") = "Pruebas", "Pruebas", "{8DEC7967-6606-44FA-967E-90C81EDF877B}"
EndProject
Project("{FAE04EC0-301F-11D3-BF4B-00C04F79EFBC}") = "EscenariosWebTest", "EscenariosWebTest\EscenariosWebTest.csproj", "{29B304ED-2038-4102-8A39-19194B68CD30}"
EndProject
Project("{2150E333-8FDC-42A3-9474-1A3956D46DE8}") = "Snippets", "Snippets", "{F9462525-54CD-44F1-83C5-8E36D4FB62E1}"
EndProject
Project("{FAE04EC0-301F-11D3-BF4B-00C04F79EFBC}") = "Tim.Kanji.Snippets", "Kanji.Snippets\Tim.Kanji.Snippets.csproj", "{E5062B6F-6CD3-427A-AD8B-DC89BA62F2AE}"
EndProject
Project("{D954291E-2A0B-460D-934E-DC6B0785DB48}") = "Tim.Crm.Base.Entidades.Extension.Shared", "Tim.Crm.Base.Entidades.Extension.Shared\Tim.Crm.Base.Entidades.Extension.Shared.shproj", "{59868296-CD70-4FD6-9F97-395EC64B1ADF}"
EndProject
Project("{FAE04EC0-301F-11D3-BF4B-00C04F79EFBC}") = "Tim.Crm.Base.Entidades.Extension", "Tim.Crm.Base.Entidades.Extension\Tim.Crm.Base.Entidades.Extension.csproj", "{14CB3309-A262-467A-93C2-5F01AF0E40B0}"
EndProject
Global
	GlobalSection(SharedMSBuildProjectFiles) = preSolution
		Tim.Crm.Base.Entidades.Extension.Shared\Tim.Crm.Base.Entidades.Extension.Shared.projitems*{14cb3309-a262-467a-93c2-5f01af0e40b0}*SharedItemsImports = 4
		Tim.Crm.Base.Entidades.Shared\Tim.Crm.Base.Entidades.Shared.projitems*{279b6a7d-1791-4920-9bb8-719beb228a1e}*SharedItemsImports = 13
		Tim.Crm.Base.Logica.Shared\Tim.Crm.Base.Logica.Shared.projitems*{32519a8d-9b7f-41ef-b226-ff33120580b6}*SharedItemsImports = 4
		Tim.Crm.ProveedorServicio.Shared\Tim.Crm.ProveedorServicio.Shared.projitems*{375c7a44-8c79-4fbb-a77b-f34648c43d67}*SharedItemsImports = 13
		Tim.Crm.Base.Entidades.Extension.Shared\Tim.Crm.Base.Entidades.Extension.Shared.projitems*{59868296-cd70-4fd6-9f97-395ec64b1adf}*SharedItemsImports = 13
		Tim.Crm.ProveedorServicio.Shared\Tim.Crm.ProveedorServicio.Shared.projitems*{805f66f4-f0b7-409b-9856-8747baecc4e7}*SharedItemsImports = 4
		Tim.Crm.Base.Entidades.Shared\Tim.Crm.Base.Entidades.Shared.projitems*{833f92e4-ba4f-46be-b707-d176e5d1fc76}*SharedItemsImports = 4
		Tim.Crm.Base.Logica.Shared\Tim.Crm.Base.Logica.Shared.projitems*{fdb6d8d1-2ebf-415b-84f4-cbf28ef34c0f}*SharedItemsImports = 13
	EndGlobalSection
	GlobalSection(SolutionConfigurationPlatforms) = preSolution
		Debug|Any CPU = Debug|Any CPU
		Release|Any CPU = Release|Any CPU
	EndGlobalSection
	GlobalSection(ProjectConfigurationPlatforms) = postSolution
		{6FC7730C-9039-4AD4-BD32-A54C5105248C}.Debug|Any CPU.ActiveCfg = Debug|Any CPU
		{6FC7730C-9039-4AD4-BD32-A54C5105248C}.Debug|Any CPU.Build.0 = Debug|Any CPU
		{6FC7730C-9039-4AD4-BD32-A54C5105248C}.Release|Any CPU.ActiveCfg = Release|Any CPU
		{6FC7730C-9039-4AD4-BD32-A54C5105248C}.Release|Any CPU.Build.0 = Release|Any CPU
		{60EB7716-C413-4FCB-B132-630FDDD409E2}.Debug|Any CPU.ActiveCfg = Debug|Any CPU
		{60EB7716-C413-4FCB-B132-630FDDD409E2}.Debug|Any CPU.Build.0 = Debug|Any CPU
		{60EB7716-C413-4FCB-B132-630FDDD409E2}.Release|Any CPU.ActiveCfg = Release|Any CPU
		{60EB7716-C413-4FCB-B132-630FDDD409E2}.Release|Any CPU.Build.0 = Release|Any CPU
		{E179B9DF-7FA2-44CC-9F96-F5CBB0AE15BE}.Debug|Any CPU.ActiveCfg = Debug|Any CPU
		{E179B9DF-7FA2-44CC-9F96-F5CBB0AE15BE}.Debug|Any CPU.Build.0 = Debug|Any CPU
		{E179B9DF-7FA2-44CC-9F96-F5CBB0AE15BE}.Release|Any CPU.ActiveCfg = Release|Any CPU
		{E179B9DF-7FA2-44CC-9F96-F5CBB0AE15BE}.Release|Any CPU.Build.0 = Release|Any CPU
		{0E83E73C-5BD3-44D6-9411-CEF127DF5C3B}.Debug|Any CPU.ActiveCfg = Debug|Any CPU
		{0E83E73C-5BD3-44D6-9411-CEF127DF5C3B}.Debug|Any CPU.Build.0 = Debug|Any CPU
		{0E83E73C-5BD3-44D6-9411-CEF127DF5C3B}.Release|Any CPU.ActiveCfg = Release|Any CPU
		{0E83E73C-5BD3-44D6-9411-CEF127DF5C3B}.Release|Any CPU.Build.0 = Release|Any CPU
		{D11A9A42-E98E-4567-B7D7-FB7CF39EE8B8}.Debug|Any CPU.ActiveCfg = Debug|Any CPU
		{D11A9A42-E98E-4567-B7D7-FB7CF39EE8B8}.Debug|Any CPU.Build.0 = Debug|Any CPU
		{D11A9A42-E98E-4567-B7D7-FB7CF39EE8B8}.Release|Any CPU.ActiveCfg = Release|Any CPU
		{D11A9A42-E98E-4567-B7D7-FB7CF39EE8B8}.Release|Any CPU.Build.0 = Release|Any CPU
		{3D5E8B48-2A0F-422B-A808-B75AE3F8F45C}.Debug|Any CPU.ActiveCfg = Debug|Any CPU
		{3D5E8B48-2A0F-422B-A808-B75AE3F8F45C}.Debug|Any CPU.Build.0 = Debug|Any CPU
		{3D5E8B48-2A0F-422B-A808-B75AE3F8F45C}.Release|Any CPU.ActiveCfg = Release|Any CPU
		{3D5E8B48-2A0F-422B-A808-B75AE3F8F45C}.Release|Any CPU.Build.0 = Release|Any CPU
		{833F92E4-BA4F-46BE-B707-D176E5D1FC76}.Debug|Any CPU.ActiveCfg = Debug|Any CPU
		{833F92E4-BA4F-46BE-B707-D176E5D1FC76}.Debug|Any CPU.Build.0 = Debug|Any CPU
		{833F92E4-BA4F-46BE-B707-D176E5D1FC76}.Release|Any CPU.ActiveCfg = Release|Any CPU
		{833F92E4-BA4F-46BE-B707-D176E5D1FC76}.Release|Any CPU.Build.0 = Release|Any CPU
		{32519A8D-9B7F-41EF-B226-FF33120580B6}.Debug|Any CPU.ActiveCfg = Debug|Any CPU
		{32519A8D-9B7F-41EF-B226-FF33120580B6}.Debug|Any CPU.Build.0 = Debug|Any CPU
		{32519A8D-9B7F-41EF-B226-FF33120580B6}.Release|Any CPU.ActiveCfg = Release|Any CPU
		{32519A8D-9B7F-41EF-B226-FF33120580B6}.Release|Any CPU.Build.0 = Release|Any CPU
		{805F66F4-F0B7-409B-9856-8747BAECC4E7}.Debug|Any CPU.ActiveCfg = Debug|Any CPU
		{805F66F4-F0B7-409B-9856-8747BAECC4E7}.Debug|Any CPU.Build.0 = Debug|Any CPU
		{805F66F4-F0B7-409B-9856-8747BAECC4E7}.Release|Any CPU.ActiveCfg = Release|Any CPU
		{805F66F4-F0B7-409B-9856-8747BAECC4E7}.Release|Any CPU.Build.0 = Release|Any CPU
		{137B64A4-565E-4F5A-8782-692FB292B03F}.Debug|Any CPU.ActiveCfg = Debug|Any CPU
		{137B64A4-565E-4F5A-8782-692FB292B03F}.Debug|Any CPU.Build.0 = Debug|Any CPU
		{137B64A4-565E-4F5A-8782-692FB292B03F}.Release|Any CPU.ActiveCfg = Release|Any CPU
		{137B64A4-565E-4F5A-8782-692FB292B03F}.Release|Any CPU.Build.0 = Release|Any CPU
		{29B304ED-2038-4102-8A39-19194B68CD30}.Debug|Any CPU.ActiveCfg = Debug|Any CPU
		{29B304ED-2038-4102-8A39-19194B68CD30}.Debug|Any CPU.Build.0 = Debug|Any CPU
		{29B304ED-2038-4102-8A39-19194B68CD30}.Release|Any CPU.ActiveCfg = Release|Any CPU
		{29B304ED-2038-4102-8A39-19194B68CD30}.Release|Any CPU.Build.0 = Release|Any CPU
		{E5062B6F-6CD3-427A-AD8B-DC89BA62F2AE}.Debug|Any CPU.ActiveCfg = Debug|Any CPU
		{E5062B6F-6CD3-427A-AD8B-DC89BA62F2AE}.Debug|Any CPU.Build.0 = Debug|Any CPU
		{E5062B6F-6CD3-427A-AD8B-DC89BA62F2AE}.Release|Any CPU.ActiveCfg = Release|Any CPU
		{E5062B6F-6CD3-427A-AD8B-DC89BA62F2AE}.Release|Any CPU.Build.0 = Release|Any CPU
		{14CB3309-A262-467A-93C2-5F01AF0E40B0}.Debug|Any CPU.ActiveCfg = Debug|Any CPU
		{14CB3309-A262-467A-93C2-5F01AF0E40B0}.Debug|Any CPU.Build.0 = Debug|Any CPU
		{14CB3309-A262-467A-93C2-5F01AF0E40B0}.Release|Any CPU.ActiveCfg = Release|Any CPU
		{14CB3309-A262-467A-93C2-5F01AF0E40B0}.Release|Any CPU.Build.0 = Release|Any CPU
	EndGlobalSection
	GlobalSection(SolutionProperties) = preSolution
		HideSolutionNode = FALSE
	EndGlobalSection
	GlobalSection(NestedProjects) = preSolution
		{6FC7730C-9039-4AD4-BD32-A54C5105248C} = {CADBAD15-A7E9-4DEF-8969-4D0F2BAFBDD0}
		{CADBAD15-A7E9-4DEF-8969-4D0F2BAFBDD0} = {B6A52116-3F54-46E6-B0F1-AD5F53110409}
		{60EB7716-C413-4FCB-B132-630FDDD409E2} = {CADBAD15-A7E9-4DEF-8969-4D0F2BAFBDD0}
		{E179B9DF-7FA2-44CC-9F96-F5CBB0AE15BE} = {CADBAD15-A7E9-4DEF-8969-4D0F2BAFBDD0}
		{0E83E73C-5BD3-44D6-9411-CEF127DF5C3B} = {CADBAD15-A7E9-4DEF-8969-4D0F2BAFBDD0}
		{D11A9A42-E98E-4567-B7D7-FB7CF39EE8B8} = {CADBAD15-A7E9-4DEF-8969-4D0F2BAFBDD0}
		{3D5E8B48-2A0F-422B-A808-B75AE3F8F45C} = {CADBAD15-A7E9-4DEF-8969-4D0F2BAFBDD0}
		{B88451C3-9E98-4962-BCF6-8C040C193975} = {CEC99FBE-22CB-447B-8624-6EDCCA488312}
		{375C7A44-8C79-4FBB-A77B-F34648C43D67} = {B88451C3-9E98-4962-BCF6-8C040C193975}
		{279B6A7D-1791-4920-9BB8-719BEB228A1E} = {B88451C3-9E98-4962-BCF6-8C040C193975}
		{FDB6D8D1-2EBF-415B-84F4-CBF28EF34C0F} = {B88451C3-9E98-4962-BCF6-8C040C193975}
		{833F92E4-BA4F-46BE-B707-D176E5D1FC76} = {CEC99FBE-22CB-447B-8624-6EDCCA488312}
		{32519A8D-9B7F-41EF-B226-FF33120580B6} = {CEC99FBE-22CB-447B-8624-6EDCCA488312}
		{805F66F4-F0B7-409B-9856-8747BAECC4E7} = {CEC99FBE-22CB-447B-8624-6EDCCA488312}
		{137B64A4-565E-4F5A-8782-692FB292B03F} = {CEC99FBE-22CB-447B-8624-6EDCCA488312}
		{29B304ED-2038-4102-8A39-19194B68CD30} = {8DEC7967-6606-44FA-967E-90C81EDF877B}
		{F9462525-54CD-44F1-83C5-8E36D4FB62E1} = {B6A52116-3F54-46E6-B0F1-AD5F53110409}
		{E5062B6F-6CD3-427A-AD8B-DC89BA62F2AE} = {F9462525-54CD-44F1-83C5-8E36D4FB62E1}
		{59868296-CD70-4FD6-9F97-395EC64B1ADF} = {B88451C3-9E98-4962-BCF6-8C040C193975}
		{14CB3309-A262-467A-93C2-5F01AF0E40B0} = {CEC99FBE-22CB-447B-8624-6EDCCA488312}
	EndGlobalSection
	GlobalSection(ExtensibilityGlobals) = postSolution
		SolutionGuid = {90101ECC-353D-4910-B15F-66D95F67BF35}
	EndGlobalSection
EndGlobal
